
Microsoft Visual Studio Solution File, Format Version 12.00
Project("{2150E333-8FDC-42A3-9474-1A3956D46DE8}") = "Tests", "Tests", "{448E775C-7E48-4D48-B267-1BE58B4F1C4E}"
EndProject
Project("{FAE04EC0-301F-11D3-BF4B-00C04F79EFBC}") = "Pricing.Core.Tests", "Pricing.Core.Tests\Pricing.Core.Tests.csproj", "{13E69ECB-291F-4BBD-80B3-1DD69BCAF77D}"
EndProject
Project("{2150E333-8FDC-42A3-9474-1A3956D46DE8}") = "src", "src", "{A67C32E9-F85B-446C-A049-A4C4133675B5}"
EndProject
Project("{FAE04EC0-301F-11D3-BF4B-00C04F79EFBC}") = "Pricing.Core", "Pricing.Core\Pricing.Core.csproj", "{49C2FB89-B008-4275-A517-3D1359785700}"
EndProject
Project("{FAE04EC0-301F-11D3-BF4B-00C04F79EFBC}") = "Pricing.Infrastructure.Tests", "Pricing.Infrastructure.Tests\Pricing.Infrastructure.Tests.csproj", "{0C0EBF4A-ACC3-460A-A1D4-923A6C4D7081}"
EndProject
Project("{FAE04EC0-301F-11D3-BF4B-00C04F79EFBC}") = "Pricing.Infrastructure", "Pricing.Infrastructure\Pricing.Infrastructure.csproj", "{616D68CD-8C5B-4372-B479-6A7401AD3353}"
EndProject
Global
	GlobalSection(SolutionConfigurationPlatforms) = preSolution
		Debug|Any CPU = Debug|Any CPU
		Release|Any CPU = Release|Any CPU
	EndGlobalSection
	GlobalSection(NestedProjects) = preSolution
		{13E69ECB-291F-4BBD-80B3-1DD69BCAF77D} = {448E775C-7E48-4D48-B267-1BE58B4F1C4E}
		{49C2FB89-B008-4275-A517-3D1359785700} = {A67C32E9-F85B-446C-A049-A4C4133675B5}
		{0C0EBF4A-ACC3-460A-A1D4-923A6C4D7081} = {448E775C-7E48-4D48-B267-1BE58B4F1C4E}
		{616D68CD-8C5B-4372-B479-6A7401AD3353} = {A67C32E9-F85B-446C-A049-A4C4133675B5}
	EndGlobalSection
	GlobalSection(ProjectConfigurationPlatforms) = postSolution
		{13E69ECB-291F-4BBD-80B3-1DD69BCAF77D}.Debug|Any CPU.ActiveCfg = Debug|Any CPU
		{13E69ECB-291F-4BBD-80B3-1DD69BCAF77D}.Debug|Any CPU.Build.0 = Debug|Any CPU
		{13E69ECB-291F-4BBD-80B3-1DD69BCAF77D}.Release|Any CPU.ActiveCfg = Release|Any CPU
		{13E69ECB-291F-4BBD-80B3-1DD69BCAF77D}.Release|Any CPU.Build.0 = Release|Any CPU
		{49C2FB89-B008-4275-A517-3D1359785700}.Debug|Any CPU.ActiveCfg = Debug|Any CPU
		{49C2FB89-B008-4275-A517-3D1359785700}.Debug|Any CPU.Build.0 = Debug|Any CPU
		{49C2FB89-B008-4275-A517-3D1359785700}.Release|Any CPU.ActiveCfg = Release|Any CPU
		{49C2FB89-B008-4275-A517-3D1359785700}.Release|Any CPU.Build.0 = Release|Any CPU
		{0C0EBF4A-ACC3-460A-A1D4-923A6C4D7081}.Debug|Any CPU.ActiveCfg = Debug|Any CPU
		{0C0EBF4A-ACC3-460A-A1D4-923A6C4D7081}.Debug|Any CPU.Build.0 = Debug|Any CPU
		{0C0EBF4A-ACC3-460A-A1D4-923A6C4D7081}.Release|Any CPU.ActiveCfg = Release|Any CPU
		{0C0EBF4A-ACC3-460A-A1D4-923A6C4D7081}.Release|Any CPU.Build.0 = Release|Any CPU
		{616D68CD-8C5B-4372-B479-6A7401AD3353}.Debug|Any CPU.ActiveCfg = Debug|Any CPU
		{616D68CD-8C5B-4372-B479-6A7401AD3353}.Debug|Any CPU.Build.0 = Debug|Any CPU
		{616D68CD-8C5B-4372-B479-6A7401AD3353}.Release|Any CPU.ActiveCfg = Release|Any CPU
		{616D68CD-8C5B-4372-B479-6A7401AD3353}.Release|Any CPU.Build.0 = Release|Any CPU
	EndGlobalSection
EndGlobal
